{
  "object": {
    "pins": [
      {
        "package": "Raylib",
        "repositoryURL": "https://github.com/apahl/raylib-swift",
        "state": {
          "branch": "master",
          "revision": "6f7c7348db47b74ccd0a5ed6a4a085f442fc5f3f",
          "version": null
        }
      }
    ]
  },
  "version": 1
}
